dependencies:
- name: kube-prometheus-stack
  repository: https://prometheus-community.github.io/helm-charts
  version: 45.8.1
- name: traefik
  repository: https://helm.traefik.io/traefik
  version: 22.0.0
digest: sha256:ffde96a837414fa756a8727794ec14424f5f148921c1755097304f964de2ec8c
generated: "2023-04-03T19:59:03.056840701+02:00"
