dependencies:
- name: postgresql
  repository: https://charts.bitnami.com/bitnami
  version: 12.2.7
- name: common
  repository: https://charts.bitnami.com/bitnami
  version: 2.2.4
- name: traefik
  repository: https://helm.traefik.io/traefik
  version: 22.0.0
digest: sha256:455833d24dc29bb4a3807dc33ff7de1d547e4b402319d1a20bf31d46a9933e96
generated: "2023-04-04T20:58:19.070537941+02:00"
