dependencies:
- name: postgresql
  repository: oci://registry-1.docker.io/bitnamicharts
  version: 16.1.0
- name: common
  repository: oci://registry-1.docker.io/bitnamicharts
  version: 2.26.0
- name: traefik
  repository: https://helm.traefik.io/traefik
  version: 33.0.0
digest: sha256:1c0420e1d297168fe3a7bf8218b07a97d7c49a40809c083d6ae7b84846bf63ea
generated: "2024-11-01T09:40:13.685977348+01:00"
